github.com/BradPerbs/claude-go v0.0.0-20240426171642-a4ae9358861d h1:Cm9Igyd8Vwb7SEUoLqwEHl7ucSxNtif9Y0hGnrG4zJ0=
github.com/BradPerbs/claude-go v0.0.0-20240426171642-a4ae9358861d/go.mod h1:NOPon7btyRHBwXRHr3YotTzpRmmEelUyI6AdLTq2WjE=
github.com/go-telegram-bot-api/telegram-bot-api/v5 v5.5.1 h1:wG8n/XJQ07TmjbITcGiUaOtXxdrINDz1b0J1w0SzqDc=
github.com/go-telegram-bot-api/telegram-bot-api/v5 v5.5.1/go.mod h1:A2S0CWkNylc2phvKXWBBdD3K0iGnDBGbzRpISP2zBl8=
github.com/sashabaranov/go-openai v1.30.3 h1:TEdRP3otRXX2A7vLoU+kI5XpoSo7VUUlM/rEttUqgek=
github.com/sashabaranov/go-openai v1.30.3/go.mod h1:lj5b/K+zjTSFxVLijLSTDZuP7adOgerWeFyZLUhAKRg=
